{
  "version": 4,
  "terraform_version": "1.9.5",
  "serial": 256,
  "lineage": "f6ee932c-f1b6-3aa1-b25c-9a6b33906026",
  "outputs": {
    "compute_asg_name": {
      "value": "snake-mvp-asg",
      "type": "string"
    },
    "ec2_public_ip": {
      "value": "98.91.120.25",
      "type": "string"
    },
    "eip_public_ip": {
      "value": "98.91.120.25",
      "type": "string"
    },
    "http_url": {
      "value": "http://98.91.120.25:8080",
      "type": "string"
    },
    "https_base_url": {
      "value": "https://terrariumsnake.com",
      "type": "string"
    },
    "public_subnet_id": {
      "value": "subnet-003dd04675494cd74",
      "type": "string"
    },
    "route53_record_fqdn": {
      "value": "terrariumsnake.com",
      "type": "string"
    },
    "watch_ws_url": {
      "value": "wss://terrariumsnake.com/ws/watch",
      "type": "string"
    }
  },
  "resources": [
    {
      "mode": "data",
      "type": "aws_route53_zone",
      "name": "existing",
      "provider": "provider[\"registry.terraform.io/hashicorp/aws\"]",
      "instances": [
        {
          "schema_version": 0,
          "attributes": {
            "arn": "arn:aws:route53:::hostedzone/Z07637621RA56EW02UFOF",
            "caller_reference": "f4613246-6d5a-4ca4-bf70-9ac6b683dc7d",
            "comment": "",
            "id": "Z07637621RA56EW02UFOF",
            "linked_service_description": null,
            "linked_service_principal": null,
            "name": "terrariumsnake.com",
            "name_servers": [
              "ns-719.awsdns-25.net",
              "ns-1050.awsdns-03.org",
              "ns-1944.awsdns-51.co.uk",
              "ns-220.awsdns-27.com"
            ],
            "primary_name_server": "ns-719.awsdns-25.net",
            "private_zone": false,
            "resource_record_set_count": 3,
            "tags": {
              "Project": "terrariumclub"
            },
            "vpc_id": null,
            "zone_id": "Z07637621RA56EW02UFOF"
          },
          "sensitive_attributes": []
        }
      ]
    },
    {
      "mode": "managed",
      "type": "aws_route53_record",
      "name": "app_a",
      "provider": "provider[\"registry.terraform.io/hashicorp/aws\"]",
      "instances": [
        {
          "schema_version": 2,
          "attributes": {
            "alias": [],
            "allow_overwrite": null,
            "cidr_routing_policy": [],
            "failover_routing_policy": [],
            "fqdn": "terrariumsnake.com",
            "geolocation_routing_policy": [],
            "geoproximity_routing_policy": [],
            "health_check_id": "",
            "id": "Z07637621RA56EW02UFOF_terrariumsnake.com_A",
            "latency_routing_policy": [],
            "multivalue_answer_routing_policy": false,
            "name": "terrariumsnake.com",
            "records": [
              "98.91.120.25"
            ],
            "set_identifier": "",
            "timeouts": null,
            "ttl": 300,
            "type": "A",
            "weighted_routing_policy": [],
            "zone_id": "Z07637621RA56EW02UFOF"
          },
          "sensitive_attributes": [],
          "private": "eyJlMmJmYjczMC1lY2FhLTExZTYtOGY4OC0zNDM2M2JjN2M0YzAiOnsiY3JlYXRlIjoxODAwMDAwMDAwMDAwLCJkZWxldGUiOjE4MDAwMDAwMDAwMDAsInVwZGF0ZSI6MTgwMDAwMDAwMDAwMH0sInNjaGVtYV92ZXJzaW9uIjoiMiJ9",
          "dependencies": [
            "data.aws_route53_zone.existing",
            "module.compute.aws_eip.this"
          ]
        }
      ]
    },
    {
      "mode": "managed",
      "type": "aws_ssm_parameter",
      "name": "eip_allocation_id",
      "provider": "provider[\"registry.terraform.io/hashicorp/aws\"]",
      "instances": [
        {
          "schema_version": 0,
          "attributes": {
            "allowed_pattern": "",
            "arn": "arn:aws:ssm:us-east-1:861276102771:parameter/snake/mvp/eip_allocation_id",
            "data_type": "text",
            "description": "",
            "has_value_wo": null,
            "id": "/snake/mvp/eip_allocation_id",
            "insecure_value": null,
            "key_id": "",
            "name": "/snake/mvp/eip_allocation_id",
            "overwrite": null,
            "tags": {
              "environment": "mvp",
              "owner": "denis_pm",
              "project": "snake"
            },
            "tags_all": {
              "environment": "mvp",
              "owner": "denis_pm",
              "project": "snake"
            },
            "tier": "Standard",
            "type": "String",
            "value": "eipalloc-04b3da994d7841aa9",
            "value_wo": null,
            "value_wo_version": null,
            "version": 1
          },
          "sensitive_attributes": [
            [
              {
                "type": "get_attr",
                "value": "value"
              }
            ],
            [
              {
                "type": "get_attr",
                "value": "value_wo"
              }
            ]
          ],
          "private": "bnVsbA==",
          "dependencies": [
            "module.compute.aws_eip.this"
          ]
        }
      ]
    },
    {
      "module": "module.compute",
      "mode": "data",
      "type": "aws_ami",
      "name": "al2023_arm",
      "provider": "provider[\"registry.terraform.io/hashicorp/aws\"]",
      "instances": [
        {
          "schema_version": 0,
          "attributes": {
            "architecture": "arm64",
            "arn": "arn:aws:ec2:us-east-1::image/ami-053b79e2bd7c33be8",
            "block_device_mappings": [
              {
                "device_name": "/dev/xvda",
                "ebs": {
                  "delete_on_termination": "true",
                  "encrypted": "false",
                  "iops": "3000",
                  "snapshot_id": "snap-08f4546321a8107ae",
                  "throughput": "125",
                  "volume_initialization_rate": "0",
                  "volume_size": "30",
                  "volume_type": "gp3"
                },
                "no_device": "",
                "virtual_name": ""
              }
            ],
            "boot_mode": "uefi",
            "creation_date": "2026-02-11T14:24:17.000Z",
            "deprecation_time": "2028-02-11T14:24:17.000Z",
            "description": "Amazon Linux AMI 2023.0.20260210 arm64 ECS HVM EBS",
            "ena_support": true,
            "executable_users": null,
            "filter": [
              {
                "name": "architecture",
                "values": [
                  "arm64"
                ]
              },
              {
                "name": "name",
                "values": [
                  "al2023-ami-*-kernel-*-arm64"
                ]
              }
            ],
            "hypervisor": "xen",
            "id": "ami-053b79e2bd7c33be8",
            "image_id": "ami-053b79e2bd7c33be8",
            "image_location": "amazon/al2023-ami-ecs-hvm-2023.0.20260210-kernel-6.1-arm64",
            "image_owner_alias": "amazon",
            "image_type": "machine",
            "imds_support": "v2.0",
            "include_deprecated": false,
            "kernel_id": "",
            "last_launched_time": "",
            "most_recent": true,
            "name": "al2023-ami-ecs-hvm-2023.0.20260210-kernel-6.1-arm64",
            "name_regex": null,
            "owner_id": "591542846629",
            "owners": [
              "amazon"
            ],
            "platform": "",
            "platform_details": "Linux/UNIX",
            "product_codes": [],
            "public": true,
            "ramdisk_id": "",
            "root_device_name": "/dev/xvda",
            "root_device_type": "ebs",
            "root_snapshot_id": "snap-08f4546321a8107ae",
            "sriov_net_support": "simple",
            "state": "available",
            "state_reason": {
              "code": "UNSET",
              "message": "UNSET"
            },
            "tags": {},
            "timeouts": null,
            "tpm_support": "",
            "uefi_data": null,
            "usage_operation": "RunInstances",
            "virtualization_type": "hvm"
          },
          "sensitive_attributes": []
        }
      ]
    },
    {
      "module": "module.compute",
      "mode": "data",
      "type": "aws_instances",
      "name": "asg_instances",
      "provider": "provider[\"registry.terraform.io/hashicorp/aws\"]",
      "instances": [
        {
          "schema_version": 0,
          "attributes": {
            "filter": [
              {
                "name": "tag:aws:autoscaling:groupName",
                "values": [
                  "snake-mvp-asg"
                ]
              }
            ],
            "id": "us-east-1",
            "ids": [
              "i-00a20ce2c27fba0ec"
            ],
            "instance_state_names": [
              "pending",
              "running",
              "stopped",
              "stopping"
            ],
            "instance_tags": null,
            "ipv6_addresses": [],
            "private_ips": [
              "10.0.1.154"
            ],
            "public_ips": [
              "98.91.120.25"
            ],
            "timeouts": null
          },
          "sensitive_attributes": []
        }
      ]
    },
    {
      "module": "module.compute",
      "mode": "managed",
      "type": "aws_autoscaling_group",
      "name": "this",
      "provider": "provider[\"registry.terraform.io/hashicorp/aws\"]",
      "instances": [
        {
          "schema_version": 1,
          "attributes": {
            "arn": "arn:aws:autoscaling:us-east-1:861276102771:autoScalingGroup:accd8a19-8c9b-4c14-94d7-fe3b036c116f:autoScalingGroupName/snake-mvp-asg",
            "availability_zone_distribution": [
              {
                "capacity_distribution_strategy": "balanced-best-effort"
              }
            ],
            "availability_zones": [
              "us-east-1a"
            ],
            "capacity_rebalance": false,
            "capacity_reservation_specification": [
              {
                "capacity_reservation_preference": "default",
                "capacity_reservation_target": []
              }
            ],
            "context": "",
            "default_cooldown": 300,
            "default_instance_warmup": 0,
            "desired_capacity": 1,
            "desired_capacity_type": "",
            "enabled_metrics": [],
            "force_delete": false,
            "force_delete_warm_pool": false,
            "health_check_grace_period": 300,
            "health_check_type": "EC2",
            "id": "snake-mvp-asg",
            "ignore_failed_scaling_activities": false,
            "initial_lifecycle_hook": [],
            "instance_maintenance_policy": [],
            "instance_refresh": [
              {
                "preferences": [
                  {
                    "alarm_specification": [],
                    "auto_rollback": false,
                    "checkpoint_delay": "",
                    "checkpoint_percentages": [],
                    "instance_warmup": "",
                    "max_healthy_percentage": 100,
                    "min_healthy_percentage": 0,
                    "scale_in_protected_instances": "Ignore",
                    "skip_matching": false,
                    "standby_instances": "Ignore"
                  }
                ],
                "strategy": "Rolling",
                "triggers": []
              }
            ],
            "launch_configuration": "",
            "launch_template": [
              {
                "id": "lt-0793e96b25fbb2bc4",
                "name": "snake-mvp-lt-20260217025318235600000003",
                "version": "$Latest"
              }
            ],
            "load_balancers": [],
            "max_instance_lifetime": 0,
            "max_size": 1,
            "metrics_granularity": "1Minute",
            "min_elb_capacity": null,
            "min_size": 1,
            "mixed_instances_policy": [],
            "name": "snake-mvp-asg",
            "name_prefix": "",
            "placement_group": "",
            "predicted_capacity": 0,
            "protect_from_scale_in": false,
            "service_linked_role_arn": "arn:aws:iam::861276102771:role/aws-service-role/autoscaling.amazonaws.com/AWSServiceRoleForAutoScaling",
            "suspended_processes": [],
            "tag": [
              {
                "key": "Name",
                "propagate_at_launch": true,
                "value": "snake-mvp-asg"
              },
              {
                "key": "environment",
                "propagate_at_launch": true,
                "value": "mvp"
              },
              {
                "key": "owner",
                "propagate_at_launch": true,
                "value": "denis_pm"
              },
              {
                "key": "project",
                "propagate_at_launch": true,
                "value": "snake"
              }
            ],
            "target_group_arns": [],
            "termination_policies": [],
            "timeouts": null,
            "traffic_source": [],
            "vpc_zone_identifier": [
              "subnet-003dd04675494cd74"
            ],
            "wait_for_capacity_timeout": "10m",
            "wait_for_elb_capacity": null,
            "warm_pool": [],
            "warm_pool_size": 0
          },
          "sensitive_attributes": [],
          "private": "eyJlMmJmYjczMC1lY2FhLTExZTYtOGY4OC0zNDM2M2JjN2M0YzAiOnsiZGVsZXRlIjo2MDAwMDAwMDAwMDAsInVwZGF0ZSI6NjAwMDAwMDAwMDAwfSwic2NoZW1hX3ZlcnNpb24iOiIxIn0=",
          "dependencies": [
            "module.compute.aws_eip.this",
            "module.compute.aws_launch_template.this",
            "module.compute.data.aws_ami.al2023_arm",
            "module.iam.aws_iam_instance_profile.this",
            "module.iam.aws_iam_role.ec2",
            "module.iam.data.aws_iam_policy_document.assume_ec2",
            "module.observability.aws_cloudwatch_log_group.app",
            "module.security.aws_security_group.ec2",
            "module.vpc.aws_subnet.public",
            "module.vpc.aws_vpc.this"
          ]
        }
      ]
    },
    {
      "module": "module.compute",
      "mode": "managed",
      "type": "aws_cloudwatch_metric_alarm",
      "name": "cpu_high",
      "provider": "provider[\"registry.terraform.io/hashicorp/aws\"]",
      "instances": [
        {
          "schema_version": 1,
          "attributes": {
            "actions_enabled": true,
            "alarm_actions": [],
            "alarm_description": "",
            "alarm_name": "snake-mvp-cpu-high",
            "arn": "arn:aws:cloudwatch:us-east-1:861276102771:alarm:snake-mvp-cpu-high",
            "comparison_operator": "GreaterThanThreshold",
            "datapoints_to_alarm": 0,
            "dimensions": {
              "AutoScalingGroupName": "snake-mvp-asg"
            },
            "evaluate_low_sample_count_percentiles": "",
            "evaluation_periods": 2,
            "extended_statistic": "",
            "id": "snake-mvp-cpu-high",
            "insufficient_data_actions": [],
            "metric_name": "CPUUtilization",
            "metric_query": [],
            "namespace": "AWS/EC2",
            "ok_actions": [],
            "period": 60,
            "statistic": "Average",
            "tags": {
              "environment": "mvp",
              "owner": "denis_pm",
              "project": "snake"
            },
            "tags_all": {
              "environment": "mvp",
              "owner": "denis_pm",
              "project": "snake"
            },
            "threshold": 70,
            "threshold_metric_id": "",
            "treat_missing_data": "missing",
            "unit": ""
          },
          "sensitive_attributes": [],
          "private": "eyJzY2hlbWFfdmVyc2lvbiI6IjEifQ==",
          "dependencies": [
            "module.compute.aws_autoscaling_group.this",
            "module.compute.aws_eip.this",
            "module.compute.aws_launch_template.this",
            "module.compute.data.aws_ami.al2023_arm",
            "module.iam.aws_iam_instance_profile.this",
            "module.iam.aws_iam_role.ec2",
            "module.iam.data.aws_iam_policy_document.assume_ec2",
            "module.observability.aws_cloudwatch_log_group.app",
            "module.security.aws_security_group.ec2",
            "module.vpc.aws_subnet.public",
            "module.vpc.aws_vpc.this"
          ]
        }
      ]
    },
    {
      "module": "module.compute",
      "mode": "managed",
      "type": "aws_cloudwatch_metric_alarm",
      "name": "instance_status",
      "provider": "provider[\"registry.terraform.io/hashicorp/aws\"]",
      "instances": [
        {
          "schema_version": 1,
          "attributes": {
            "actions_enabled": true,
            "alarm_actions": [],
            "alarm_description": "",
            "alarm_name": "snake-mvp-status-check",
            "arn": "arn:aws:cloudwatch:us-east-1:861276102771:alarm:snake-mvp-status-check",
            "comparison_operator": "GreaterThanThreshold",
            "datapoints_to_alarm": 0,
            "dimensions": {
              "AutoScalingGroupName": "snake-mvp-asg"
            },
            "evaluate_low_sample_count_percentiles": "",
            "evaluation_periods": 2,
            "extended_statistic": "",
            "id": "snake-mvp-status-check",
            "insufficient_data_actions": [],
            "metric_name": "StatusCheckFailed",
            "metric_query": [],
            "namespace": "AWS/EC2",
            "ok_actions": [],
            "period": 60,
            "statistic": "Maximum",
            "tags": {
              "environment": "mvp",
              "owner": "denis_pm",
              "project": "snake"
            },
            "tags_all": {
              "environment": "mvp",
              "owner": "denis_pm",
              "project": "snake"
            },
            "threshold": 0,
            "threshold_metric_id": "",
            "treat_missing_data": "missing",
            "unit": ""
          },
          "sensitive_attributes": [],
          "private": "eyJzY2hlbWFfdmVyc2lvbiI6IjEifQ==",
          "dependencies": [
            "module.compute.aws_autoscaling_group.this",
            "module.compute.aws_eip.this",
            "module.compute.aws_launch_template.this",
            "module.compute.data.aws_ami.al2023_arm",
            "module.iam.aws_iam_instance_profile.this",
            "module.iam.aws_iam_role.ec2",
            "module.iam.data.aws_iam_policy_document.assume_ec2",
            "module.observability.aws_cloudwatch_log_group.app",
            "module.security.aws_security_group.ec2",
            "module.vpc.aws_subnet.public",
            "module.vpc.aws_vpc.this"
          ]
        }
      ]
    },
    {
      "module": "module.compute",
      "mode": "managed",
      "type": "aws_eip",
      "name": "this",
      "provider": "provider[\"registry.terraform.io/hashicorp/aws\"]",
      "instances": [
        {
          "index_key": 0,
          "schema_version": 0,
          "attributes": {
            "address": null,
            "allocation_id": "eipalloc-04b3da994d7841aa9",
            "arn": "arn:aws:ec2:us-east-1:861276102771:elastic-ip/eipalloc-04b3da994d7841aa9",
            "associate_with_private_ip": null,
            "association_id": "eipassoc-042371a183b6fe67b",
            "carrier_ip": "",
            "customer_owned_ip": "",
            "customer_owned_ipv4_pool": "",
            "domain": "vpc",
            "id": "eipalloc-04b3da994d7841aa9",
            "instance": "i-00a20ce2c27fba0ec",
            "ipam_pool_id": null,
            "network_border_group": "us-east-1",
            "network_interface": "eni-09c0613f639bf057c",
            "private_dns": "ip-10-0-1-154.ec2.internal",
            "private_ip": "10.0.1.154",
            "ptr_record": "",
            "public_dns": "ec2-98-91-120-25.compute-1.amazonaws.com",
            "public_ip": "98.91.120.25",
            "public_ipv4_pool": "amazon",
            "tags": {
              "Name": "snake-mvp-eip",
              "environment": "mvp",
              "owner": "denis_pm",
              "project": "snake"
            },
            "tags_all": {
              "Name": "snake-mvp-eip",
              "environment": "mvp",
              "owner": "denis_pm",
              "project": "snake"
            },
            "timeouts": null,
            "vpc": true
          },
          "sensitive_attributes": [],
          "private": "eyJlMmJmYjczMC1lY2FhLTExZTYtOGY4OC0zNDM2M2JjN2M0YzAiOnsiZGVsZXRlIjoxODAwMDAwMDAwMDAsInJlYWQiOjkwMDAwMDAwMDAwMCwidXBkYXRlIjozMDAwMDAwMDAwMDB9fQ=="
        }
      ]
    },
    {
      "module": "module.compute",
      "mode": "managed",
      "type": "aws_launch_template",
      "name": "this",
      "provider": "provider[\"registry.terraform.io/hashicorp/aws\"]",
      "instances": [
        {
          "schema_version": 0,
          "attributes": {
            "arn": "arn:aws:ec2:us-east-1:861276102771:launch-template/lt-0793e96b25fbb2bc4",
            "block_device_mappings": [
              {
                "device_name": "/dev/xvda",
                "ebs": [
                  {
                    "delete_on_termination": "true",
                    "encrypted": "",
                    "iops": 0,
                    "kms_key_id": "",
                    "snapshot_id": "",
                    "throughput": 0,
                    "volume_initialization_rate": 0,
                    "volume_size": 30,
                    "volume_type": "gp3"
                  }
                ],
                "no_device": "",
                "virtual_name": ""
              }
            ],
            "capacity_reservation_specification": [],
            "cpu_options": [],
            "credit_specification": [],
            "default_version": 1,
            "description": "",
            "disable_api_stop": false,
            "disable_api_termination": false,
            "ebs_optimized": "",
            "elastic_gpu_specifications": [],
            "elastic_inference_accelerator": [],
            "enclave_options": [],
            "hibernation_options": [],
            "iam_instance_profile": [
              {
                "arn": "arn:aws:iam::861276102771:instance-profile/snake-mvp-instance-profile",
                "name": ""
              }
            ],
            "id": "lt-0793e96b25fbb2bc4",
            "image_id": "ami-053b79e2bd7c33be8",
            "instance_initiated_shutdown_behavior": "",
            "instance_market_options": [],
            "instance_requirements": [],
            "instance_type": "t4g.small",
            "kernel_id": "",
            "key_name": "dadmin",
            "latest_version": 1,
            "license_specification": [],
            "maintenance_options": [],
            "metadata_options": [],
            "monitoring": [],
            "name": "snake-mvp-lt-20260217025318235600000003",
            "name_prefix": "snake-mvp-lt-",
            "network_interfaces": [],
            "placement": [],
            "private_dns_name_options": [],
            "ram_disk_id": "",
            "security_group_names": [],
            "tag_specifications": [
              {
                "resource_type": "instance",
                "tags": {
                  "Name": "snake-mvp-instance",
                  "environment": "mvp",
                  "owner": "denis_pm",
                  "project": "snake"
                }
              },
              {
                "resource_type": "volume",
                "tags": {
                  "Name": "snake-mvp-volume",
                  "environment": "mvp",
                  "owner": "denis_pm",
                  "project": "snake"
                }
              }
            ],
            "tags": {},
            "tags_all": {},
            "update_default_version": null,
            "user_data": "IyEvYmluL2Jhc2gKc2V0IC1ldW8gcGlwZWZhaWwKCmV4ZWMgPiA+KHRlZSAvdmFyL2xvZy91c2VyLWRhdGEubG9nfGxvZ2dlciAtdCB1c2VyLWRhdGEgLXMgMj4vZGV2L2NvbnNvbGUpIDI+JjEKCk5BTUVfUFJFRklYPSJzbmFrZS1tdnAiCkFQUF9QT1JUPSI4MDgwIgpFSVBfQUxMT0NfSUQ9ImVpcGFsbG9jLTA0YjNkYTk5NGQ3ODQxYWE5IgpET01BSU5fTkFNRT0idGVycmFyaXVtc25ha2UuY29tIgpMRV9FTUFJTD0iYWRtaW5AdGVycmFyaXVtc25ha2UuY29tIgoKZG5mIC15IHVwZGF0ZQoKIyBCdWlsZC9ydW50aW1lIGRlcHMgKyBBV1MgdG9vbHMgKGF2b2lkIGN1cmwvY3VybC1taW5pbWFsIGNvbmZsaWN0cyBvbiBBTDIwMjMpCmRuZiAteSBpbnN0YWxsIGdpdCBjbGFuZyBzcWxpdGUtZGV2ZWwgYm9vc3QtZGV2ZWwgYW1hem9uLWNsb3Vkd2F0Y2gtYWdlbnQgYW1hem9uLXNzbS1hZ2VudCBhd3NjbGkKCiMgRW5zdXJlIFNTTSByZWdpc3RyYXRpb24gaXMgZW5hYmxlZCBmb3IgdGhpcyBpbnN0YW5jZQpzeXN0ZW1jdGwgZW5hYmxlIGFtYXpvbi1zc20tYWdlbnQKc3lzdGVtY3RsIHJlc3RhcnQgYW1hem9uLXNzbS1hZ2VudAoKIyAtLS0tIENsb3VkV2F0Y2ggQWdlbnQgLS0tLQpta2RpciAtcCAvb3B0L2F3cy9hbWF6b24tY2xvdWR3YXRjaC1hZ2VudC9ldGMKZWNobyAiZXdvZ0lDSmhaMlZ1ZENJNklIc0tJQ0FnSUNKdFpYUnlhV056WDJOdmJHeGxZM1JwYjI1ZmFXNTBaWEoyWVd3aU9pQTJNQ3dLSUNBZ0lDSnlkVzVmWVhOZmRYTmxjaUk2SUNKeWIyOTBJZ29nSUgwc0NpQWdJbXh2WjNNaU9pQjdDaUFnSUNBaWJHOW5jMTlqYjJ4c1pXTjBaV1FpT2lCN0NpQWdJQ0FnSUNKbWFXeGxjeUk2SUhzS0lDQWdJQ0FnSUNBaVkyOXNiR1ZqZEY5c2FYTjBJam9nV3dvZ0lDQWdJQ0FnSUNBZ2V3b2dJQ0FnSUNBZ0lDQWdJQ0FpWm1sc1pWOXdZWFJvSWpvZ0lpOTJZWEl2Ykc5bkwzTnVZV3RsWDNObGNuWmxjaTVzYjJjaUxBb2dJQ0FnSUNBZ0lDQWdJQ0FpYkc5blgyZHliM1Z3WDI1aGJXVWlPaUFpTDNOdVlXdGxMVzEyY0M5aGNIQWlMQW9nSUNBZ0lDQWdJQ0FnSUNBaWJHOW5YM04wY21WaGJWOXVZVzFsSWpvZ0ludHBibk4wWVc1alpWOXBaSDB2YzI1aGEyVmZjMlZ5ZG1WeUxteHZaeUlzQ2lBZ0lDQWdJQ0FnSUNBZ0lDSjBhVzFsZW05dVpTSTZJQ0pWVkVNaUNpQWdJQ0FnSUNBZ0lDQjlDaUFnSUNBZ0lDQWdYUW9nSUNBZ0lDQjlDaUFnSUNCOUNpQWdmUXA5Q2c9PSIgfCBiYXNlNjQgLWQgPiAvb3B0L2F3cy9hbWF6b24tY2xvdWR3YXRjaC1hZ2VudC9ldGMvYW1hem9uLWNsb3Vkd2F0Y2gtYWdlbnQuanNvbgovb3B0L2F3cy9hbWF6b24tY2xvdWR3YXRjaC1hZ2VudC9iaW4vYW1hem9uLWNsb3Vkd2F0Y2gtYWdlbnQtY3RsIFwKICAtYSBmZXRjaC1jb25maWcgLW0gZWMyIFwKICAtYyBmaWxlOi9vcHQvYXdzL2FtYXpvbi1jbG91ZHdhdGNoLWFnZW50L2V0Yy9hbWF6b24tY2xvdWR3YXRjaC1hZ2VudC5qc29uIC1zCgojIC0tLS0gQXBwIGJ1aWxkL2RlcGxveSAtLS0tCm1rZGlyIC1wIC9vcHQvc25ha2UKY2QgL29wdC9zbmFrZQoKaWYgWyAhIC1kIHJlcG8gXTsgdGhlbgogIGdpdCBjbG9uZSAiaHR0cHM6Ly9naXRodWIuY29tL2RlbmlzLXByb2dtYW4vc25ha2VfZ2FtZS5naXQiIHJlcG8KZmkKCmNkIHJlcG8KZ2l0IGZldGNoIC0tYWxsCmdpdCBjaGVja291dCAibWFpbiIKCm1rZGlyIC1wIC92YXIvd3d3L3NuYWtlCmNwIC1mIC9vcHQvc25ha2UvcmVwby9pbmRleC5odG1sIC92YXIvd3d3L3NuYWtlL2luZGV4Lmh0bWwKc2VkIC1pICdzfGNvbnN0IEFQSSA9ICJodHRwOi8vMTI3LjAuMC4xOjgwODAiO3xjb25zdCBBUEkgPSB3aW5kb3cubG9jYXRpb24ub3JpZ2luO3wnIC92YXIvd3d3L3NuYWtlL2luZGV4Lmh0bWwgfHwgdHJ1ZQoKY2xhbmcrKyAtc3RkPWMrKzE3IC1PMiAtcHRocmVhZCAiYXBpL3NuYWtlX3NlcnZlci5jcHAiIFwKICAtbyAvb3B0L3NuYWtlL3NuYWtlX3NlcnZlciAtbGJvb3N0X3N5c3RlbSAtbHNxbGl0ZTMKCmNhdCA+L2V0Yy9zbmFrZS5lbnYgPDxFT0YKU05BS0VfSD0yMApTTkFLRV9NQVhfUEVSX1VTRVI9MwpTTkFLRV9USUNLX01TPTE1MApTTkFLRV9XPTQwCkVPRgoKY2F0ID4vZXRjL3N5c3RlbWQvc3lzdGVtL3NuYWtlLnNlcnZpY2UgPDxFT0YKW1VuaXRdCkRlc2NyaXB0aW9uPVNuYWtlIFdlYlNvY2tldCBTZXJ2ZXIKQWZ0ZXI9bmV0d29yay1vbmxpbmUudGFyZ2V0CldhbnRzPW5ldHdvcmstb25saW5lLnRhcmdldAoKW1NlcnZpY2VdClR5cGU9c2ltcGxlCldvcmtpbmdEaXJlY3Rvcnk9L29wdC9zbmFrZQpFbnZpcm9ubWVudEZpbGU9L2V0Yy9zbmFrZS5lbnYKRXhlY1N0YXJ0PS9vcHQvc25ha2Uvc25ha2Vfc2VydmVyIHNlcnZlClJlc3RhcnQ9YWx3YXlzClJlc3RhcnRTZWM9MgpTdGFuZGFyZE91dHB1dD1hcHBlbmQ6L3Zhci9sb2cvc25ha2Vfc2VydmVyLmxvZwpTdGFuZGFyZEVycm9yPWFwcGVuZDovdmFyL2xvZy9zbmFrZV9zZXJ2ZXIubG9nCgpbSW5zdGFsbF0KV2FudGVkQnk9bXVsdGktdXNlci50YXJnZXQKRU9GCgp0b3VjaCAvdmFyL2xvZy9zbmFrZV9zZXJ2ZXIubG9nCmNobW9kIDA2NDQgL3Zhci9sb2cvc25ha2Vfc2VydmVyLmxvZwoKc3lzdGVtY3RsIGRhZW1vbi1yZWxvYWQKc3lzdGVtY3RsIGVuYWJsZSBzbmFrZQpzeXN0ZW1jdGwgc3RhcnQgc25ha2UKCiMgLS0tLSBFbGFzdGljIElQIGFzc29jaWF0aW9uIC0tLS0KaWYgWyAtbiAiJEVJUF9BTExPQ19JRCIgXTsgdGhlbgogIFRPS0VOPSQoY3VybCAtc1MgLVggUFVUICJodHRwOi8vMTY5LjI1NC4xNjkuMjU0L2xhdGVzdC9hcGkvdG9rZW4iIC1IICJYLWF3cy1lYzItbWV0YWRhdGEtdG9rZW4tdHRsLXNlY29uZHM6IDIxNjAwIikKICBJTlNUQU5DRV9JRD0kKGN1cmwgLXNTIC1IICJYLWF3cy1lYzItbWV0YWRhdGEtdG9rZW46ICRUT0tFTiIgaHR0cDovLzE2OS4yNTQuMTY5LjI1NC9sYXRlc3QvbWV0YS1kYXRhL2luc3RhbmNlLWlkKQogIEFXU19SRUdJT049JChjdXJsIC1zUyAtSCAiWC1hd3MtZWMyLW1ldGFkYXRhLXRva2VuOiAkVE9LRU4iIGh0dHA6Ly8xNjkuMjU0LjE2OS4yNTQvbGF0ZXN0L21ldGEtZGF0YS9wbGFjZW1lbnQvcmVnaW9uKQogIGF3cyBlYzIgYXNzb2NpYXRlLWFkZHJlc3MgLS1yZWdpb24gIiRBV1NfUkVHSU9OIiAtLWFsbG9jYXRpb24taWQgIiRFSVBfQUxMT0NfSUQiIC0taW5zdGFuY2UtaWQgIiRJTlNUQU5DRV9JRCIgLS1hbGxvdy1yZWFzc29jaWF0aW9uIHx8IHRydWUKZmkKCiMgLS0tLSBDYWRkeSAoVExTICsgcmV2ZXJzZSBwcm94eSkgLS0tLQpkbmYgLXkgaW5zdGFsbCAnZG5mLWNvbW1hbmQoY29wciknCmRuZiAteSBjb3ByIGVuYWJsZSBAY2FkZHkvY2FkZHkKZG5mIC15IGluc3RhbGwgY2FkZHkKCmNhdCA+L2V0Yy9jYWRkeS9DYWRkeWZpbGUgPDxFT0YKewogIGVtYWlsICR7TEVfRU1BSUx9Cn0KCiR7RE9NQUlOX05BTUV9IHsKICBlbmNvZGUgenN0ZCBnemlwCgogIEBhcGkgcGF0aCAvYXV0aC8qIC9tZS8qIC9zbmFrZXMvKiAvZ2FtZS8qCiAgaGFuZGxlIEBhcGkgewogICAgcmV2ZXJzZV9wcm94eSAxMjcuMC4wLjE6JHtBUFBfUE9SVH0KICB9CgogIHJvb3QgKiAvdmFyL3d3dy9zbmFrZQogIGZpbGVfc2VydmVyCn0KRU9GCgpzeXN0ZW1jdGwgZW5hYmxlIGNhZGR5CnN5c3RlbWN0bCByZXN0YXJ0IGNhZGR5Cg==",
            "vpc_security_group_ids": [
              "sg-0a3ac232b5cbec1d9"
            ]
          },
          "sensitive_attributes": [],
          "private": "bnVsbA==",
          "dependencies": [
            "module.compute.aws_eip.this",
            "module.compute.data.aws_ami.al2023_arm",
            "module.iam.aws_iam_instance_profile.this",
            "module.iam.aws_iam_role.ec2",
            "module.iam.data.aws_iam_policy_document.assume_ec2",
            "module.observability.aws_cloudwatch_log_group.app",
            "module.security.aws_security_group.ec2",
            "module.vpc.aws_vpc.this"
          ]
        }
      ]
    },
    {
      "module": "module.dynamodb",
      "mode": "managed",
      "type": "aws_dynamodb_table",
      "name": "game_progress",
      "provider": "provider[\"registry.terraform.io/hashicorp/aws\"]",
      "instances": [
        {
          "schema_version": 1,
          "attributes": {
            "arn": "arn:aws:dynamodb:us-east-1:861276102771:table/snake-mvp-game_progress",
            "attribute": [
              {
                "name": "user_id",
                "type": "S"
              }
            ],
            "billing_mode": "PAY_PER_REQUEST",
            "deletion_protection_enabled": false,
            "global_secondary_index": [],
            "hash_key": "user_id",
            "id": "snake-mvp-game_progress",
            "import_table": [],
            "local_secondary_index": [],
            "name": "snake-mvp-game_progress",
            "on_demand_throughput": [],
            "point_in_time_recovery": [
              {
                "enabled": false,
                "recovery_period_in_days": 0
              }
            ],
            "range_key": null,
            "read_capacity": 0,
            "replica": [],
            "restore_date_time": null,
            "restore_source_name": null,
            "restore_source_table_arn": null,
            "restore_to_latest_time": null,
            "server_side_encryption": [],
            "stream_arn": "",
            "stream_enabled": false,
            "stream_label": "",
            "stream_view_type": "",
            "table_class": "STANDARD",
            "tags": {
              "Name": "snake-mvp-game_progress",
              "environment": "mvp",
              "owner": "denis_pm",
              "project": "snake"
            },
            "tags_all": {
              "Name": "snake-mvp-game_progress",
              "environment": "mvp",
              "owner": "denis_pm",
              "project": "snake"
            },
            "timeouts": null,
            "ttl": [
              {
                "attribute_name": "",
                "enabled": false
              }
            ],
            "write_capacity": 0
          },
          "sensitive_attributes": [],
          "private": "eyJlMmJmYjczMC1lY2FhLTExZTYtOGY4OC0zNDM2M2JjN2M0YzAiOnsiY3JlYXRlIjoxODAwMDAwMDAwMDAwLCJkZWxldGUiOjYwMDAwMDAwMDAwMCwidXBkYXRlIjozNjAwMDAwMDAwMDAwfSwic2NoZW1hX3ZlcnNpb24iOiIxIn0="
        }
      ]
    },
    {
      "module": "module.dynamodb",
      "mode": "managed",
      "type": "aws_dynamodb_table",
      "name": "settings",
      "provider": "provider[\"registry.terraform.io/hashicorp/aws\"]",
      "instances": [
        {
          "schema_version": 1,
          "attributes": {
            "arn": "arn:aws:dynamodb:us-east-1:861276102771:table/snake-mvp-settings",
            "attribute": [
              {
                "name": "user_id",
                "type": "S"
              }
            ],
            "billing_mode": "PAY_PER_REQUEST",
            "deletion_protection_enabled": false,
            "global_secondary_index": [],
            "hash_key": "user_id",
            "id": "snake-mvp-settings",
            "import_table": [],
            "local_secondary_index": [],
            "name": "snake-mvp-settings",
            "on_demand_throughput": [],
            "point_in_time_recovery": [
              {
                "enabled": false,
                "recovery_period_in_days": 0
              }
            ],
            "range_key": null,
            "read_capacity": 0,
            "replica": [],
            "restore_date_time": null,
            "restore_source_name": null,
            "restore_source_table_arn": null,
            "restore_to_latest_time": null,
            "server_side_encryption": [],
            "stream_arn": "",
            "stream_enabled": false,
            "stream_label": "",
            "stream_view_type": "",
            "table_class": "STANDARD",
            "tags": {
              "Name": "snake-mvp-settings",
              "environment": "mvp",
              "owner": "denis_pm",
              "project": "snake"
            },
            "tags_all": {
              "Name": "snake-mvp-settings",
              "environment": "mvp",
              "owner": "denis_pm",
              "project": "snake"
            },
            "timeouts": null,
            "ttl": [
              {
                "attribute_name": "",
                "enabled": false
              }
            ],
            "write_capacity": 0
          },
          "sensitive_attributes": [],
          "private": "eyJlMmJmYjczMC1lY2FhLTExZTYtOGY4OC0zNDM2M2JjN2M0YzAiOnsiY3JlYXRlIjoxODAwMDAwMDAwMDAwLCJkZWxldGUiOjYwMDAwMDAwMDAwMCwidXBkYXRlIjozNjAwMDAwMDAwMDAwfSwic2NoZW1hX3ZlcnNpb24iOiIxIn0="
        }
      ]
    },
    {
      "module": "module.dynamodb",
      "mode": "managed",
      "type": "aws_dynamodb_table",
      "name": "users",
      "provider": "provider[\"registry.terraform.io/hashicorp/aws\"]",
      "instances": [
        {
          "schema_version": 1,
          "attributes": {
            "arn": "arn:aws:dynamodb:us-east-1:861276102771:table/snake-mvp-users",
            "attribute": [
              {
                "name": "user_id",
                "type": "S"
              }
            ],
            "billing_mode": "PAY_PER_REQUEST",
            "deletion_protection_enabled": false,
            "global_secondary_index": [],
            "hash_key": "user_id",
            "id": "snake-mvp-users",
            "import_table": [],
            "local_secondary_index": [],
            "name": "snake-mvp-users",
            "on_demand_throughput": [],
            "point_in_time_recovery": [
              {
                "enabled": false,
                "recovery_period_in_days": 0
              }
            ],
            "range_key": null,
            "read_capacity": 0,
            "replica": [],
            "restore_date_time": null,
            "restore_source_name": null,
            "restore_source_table_arn": null,
            "restore_to_latest_time": null,
            "server_side_encryption": [],
            "stream_arn": "",
            "stream_enabled": false,
            "stream_label": "",
            "stream_view_type": "",
            "table_class": "STANDARD",
            "tags": {
              "Name": "snake-mvp-users",
              "environment": "mvp",
              "owner": "denis_pm",
              "project": "snake"
            },
            "tags_all": {
              "Name": "snake-mvp-users",
              "environment": "mvp",
              "owner": "denis_pm",
              "project": "snake"
            },
            "timeouts": null,
            "ttl": [
              {
                "attribute_name": "",
                "enabled": false
              }
            ],
            "write_capacity": 0
          },
          "sensitive_attributes": [],
          "private": "eyJlMmJmYjczMC1lY2FhLTExZTYtOGY4OC0zNDM2M2JjN2M0YzAiOnsiY3JlYXRlIjoxODAwMDAwMDAwMDAwLCJkZWxldGUiOjYwMDAwMDAwMDAwMCwidXBkYXRlIjozNjAwMDAwMDAwMDAwfSwic2NoZW1hX3ZlcnNpb24iOiIxIn0="
        }
      ]
    },
    {
      "module": "module.iam",
      "mode": "data",
      "type": "aws_iam_policy_document",
      "name": "assume_ec2",
      "provider": "provider[\"registry.terraform.io/hashicorp/aws\"]",
      "instances": [
        {
          "schema_version": 0,
          "attributes": {
            "id": "2851119427",
            "json": "{\n  \"Version\": \"2012-10-17\",\n  \"Statement\": [\n    {\n      \"Effect\": \"Allow\",\n      \"Action\": \"sts:AssumeRole\",\n      \"Principal\": {\n        \"Service\": \"ec2.amazonaws.com\"\n      }\n    }\n  ]\n}",
            "minified_json": "{\"Version\":\"2012-10-17\",\"Statement\":[{\"Effect\":\"Allow\",\"Action\":\"sts:AssumeRole\",\"Principal\":{\"Service\":\"ec2.amazonaws.com\"}}]}",
            "override_json": null,
            "override_policy_documents": null,
            "policy_id": null,
            "source_json": null,
            "source_policy_documents": null,
            "statement": [
              {
                "actions": [
                  "sts:AssumeRole"
                ],
                "condition": [],
                "effect": "Allow",
                "not_actions": [],
                "not_principals": [],
                "not_resources": [],
                "principals": [
                  {
                    "identifiers": [
                      "ec2.amazonaws.com"
                    ],
                    "type": "Service"
                  }
                ],
                "resources": [],
                "sid": ""
              }
            ],
            "version": "2012-10-17"
          },
          "sensitive_attributes": []
        }
      ]
    },
    {
      "module": "module.iam",
      "mode": "data",
      "type": "aws_iam_policy_document",
      "name": "cwlogs",
      "provider": "provider[\"registry.terraform.io/hashicorp/aws\"]",
      "instances": [
        {
          "schema_version": 0,
          "attributes": {
            "id": "3253318109",
            "json": "{\n  \"Version\": \"2012-10-17\",\n  \"Statement\": [\n    {\n      \"Effect\": \"Allow\",\n      \"Action\": [\n        \"logs:PutLogEvents\",\n        \"logs:DescribeLogStreams\",\n        \"logs:DescribeLogGroups\",\n        \"logs:CreateLogStream\",\n        \"logs:CreateLogGroup\"\n      ],\n      \"Resource\": \"*\"\n    }\n  ]\n}",
            "minified_json": "{\"Version\":\"2012-10-17\",\"Statement\":[{\"Effect\":\"Allow\",\"Action\":[\"logs:PutLogEvents\",\"logs:DescribeLogStreams\",\"logs:DescribeLogGroups\",\"logs:CreateLogStream\",\"logs:CreateLogGroup\"],\"Resource\":\"*\"}]}",
            "override_json": null,
            "override_policy_documents": null,
            "policy_id": null,
            "source_json": null,
            "source_policy_documents": null,
            "statement": [
              {
                "actions": [
                  "logs:CreateLogGroup",
                  "logs:CreateLogStream",
                  "logs:DescribeLogGroups",
                  "logs:DescribeLogStreams",
                  "logs:PutLogEvents"
                ],
                "condition": [],
                "effect": "Allow",
                "not_actions": [],
                "not_principals": [],
                "not_resources": [],
                "principals": [],
                "resources": [
                  "*"
                ],
                "sid": ""
              }
            ],
            "version": "2012-10-17"
          },
          "sensitive_attributes": []
        }
      ]
    },
    {
      "module": "module.iam",
      "mode": "data",
      "type": "aws_iam_policy_document",
      "name": "ddb",
      "provider": "provider[\"registry.terraform.io/hashicorp/aws\"]",
      "instances": [
        {
          "schema_version": 0,
          "attributes": {
            "id": "1163228257",
            "json": "{\n  \"Version\": \"2012-10-17\",\n  \"Statement\": [\n    {\n      \"Effect\": \"Allow\",\n      \"Action\": [\n        \"dynamodb:UpdateItem\",\n        \"dynamodb:Scan\",\n        \"dynamodb:Query\",\n        \"dynamodb:PutItem\",\n        \"dynamodb:GetItem\",\n        \"dynamodb:DescribeTable\",\n        \"dynamodb:DeleteItem\",\n        \"dynamodb:BatchWriteItem\",\n        \"dynamodb:BatchGetItem\"\n      ],\n      \"Resource\": [\n        \"arn:aws:dynamodb:us-east-1:861276102771:table/snake-mvp-users\",\n        \"arn:aws:dynamodb:us-east-1:861276102771:table/snake-mvp-settings\",\n        \"arn:aws:dynamodb:us-east-1:861276102771:table/snake-mvp-game_progress\"\n      ]\n    }\n  ]\n}",
            "minified_json": "{\"Version\":\"2012-10-17\",\"Statement\":[{\"Effect\":\"Allow\",\"Action\":[\"dynamodb:UpdateItem\",\"dynamodb:Scan\",\"dynamodb:Query\",\"dynamodb:PutItem\",\"dynamodb:GetItem\",\"dynamodb:DescribeTable\",\"dynamodb:DeleteItem\",\"dynamodb:BatchWriteItem\",\"dynamodb:BatchGetItem\"],\"Resource\":[\"arn:aws:dynamodb:us-east-1:861276102771:table/snake-mvp-users\",\"arn:aws:dynamodb:us-east-1:861276102771:table/snake-mvp-settings\",\"arn:aws:dynamodb:us-east-1:861276102771:table/snake-mvp-game_progress\"]}]}",
            "override_json": null,
            "override_policy_documents": null,
            "policy_id": null,
            "source_json": null,
            "source_policy_documents": null,
            "statement": [
              {
                "actions": [
                  "dynamodb:BatchGetItem",
                  "dynamodb:BatchWriteItem",
                  "dynamodb:DeleteItem",
                  "dynamodb:DescribeTable",
                  "dynamodb:GetItem",
                  "dynamodb:PutItem",
                  "dynamodb:Query",
                  "dynamodb:Scan",
                  "dynamodb:UpdateItem"
                ],
                "condition": [],
                "effect": "Allow",
                "not_actions": [],
                "not_principals": [],
                "not_resources": [],
                "principals": [],
                "resources": [
                  "arn:aws:dynamodb:us-east-1:861276102771:table/snake-mvp-game_progress",
                  "arn:aws:dynamodb:us-east-1:861276102771:table/snake-mvp-settings",
                  "arn:aws:dynamodb:us-east-1:861276102771:table/snake-mvp-users"
                ],
                "sid": ""
              }
            ],
            "version": "2012-10-17"
          },
          "sensitive_attributes": []
        }
      ]
    },
    {
      "module": "module.iam",
      "mode": "managed",
      "type": "aws_iam_instance_profile",
      "name": "this",
      "provider": "provider[\"registry.terraform.io/hashicorp/aws\"]",
      "instances": [
        {
          "schema_version": 0,
          "attributes": {
            "arn": "arn:aws:iam::861276102771:instance-profile/snake-mvp-instance-profile",
            "create_date": "2026-02-17T02:53:03Z",
            "id": "snake-mvp-instance-profile",
            "name": "snake-mvp-instance-profile",
            "name_prefix": "",
            "path": "/",
            "role": "snake-mvp-ec2-role",
            "tags": {
              "environment": "mvp",
              "owner": "denis_pm",
              "project": "snake"
            },
            "tags_all": {
              "environment": "mvp",
              "owner": "denis_pm",
              "project": "snake"
            },
            "unique_id": "AIPA4RCAOMBZVRZMS2UPH"
          },
          "sensitive_attributes": [],
          "private": "bnVsbA==",
          "dependencies": [
            "module.iam.aws_iam_role.ec2",
            "module.iam.data.aws_iam_policy_document.assume_ec2"
          ]
        }
      ]
    },
    {
      "module": "module.iam",
      "mode": "managed",
      "type": "aws_iam_role",
      "name": "ec2",
      "provider": "provider[\"registry.terraform.io/hashicorp/aws\"]",
      "instances": [
        {
          "schema_version": 0,
          "attributes": {
            "arn": "arn:aws:iam::861276102771:role/snake-mvp-ec2-role",
            "assume_role_policy": "{\"Statement\":[{\"Action\":\"sts:AssumeRole\",\"Effect\":\"Allow\",\"Principal\":{\"Service\":\"ec2.amazonaws.com\"}}],\"Version\":\"2012-10-17\"}",
            "create_date": "2026-02-17T02:53:02Z",
            "description": "",
            "force_detach_policies": false,
            "id": "snake-mvp-ec2-role",
            "inline_policy": [
              {
                "name": "snake-mvp-inline",
                "policy": "{\"Version\":\"2012-10-17\",\"Statement\":[{\"Action\":[\"dynamodb:UpdateItem\",\"dynamodb:Scan\",\"dynamodb:Query\",\"dynamodb:PutItem\",\"dynamodb:GetItem\",\"dynamodb:DescribeTable\",\"dynamodb:DeleteItem\",\"dynamodb:BatchWriteItem\",\"dynamodb:BatchGetItem\"],\"Effect\":\"Allow\",\"Resource\":[\"arn:aws:dynamodb:us-east-1:861276102771:table/snake-mvp-users\",\"arn:aws:dynamodb:us-east-1:861276102771:table/snake-mvp-settings\",\"arn:aws:dynamodb:us-east-1:861276102771:table/snake-mvp-game_progress\"]},{\"Action\":[\"logs:PutLogEvents\",\"logs:DescribeLogStreams\",\"logs:DescribeLogGroups\",\"logs:CreateLogStream\",\"logs:CreateLogGroup\"],\"Effect\":\"Allow\",\"Resource\":\"*\"},{\"Action\":[\"ec2:AssociateAddress\",\"ec2:DisassociateAddress\",\"ec2:DescribeAddresses\",\"ec2:DescribeInstances\"],\"Effect\":\"Allow\",\"Resource\":\"*\"}]}"
              }
            ],
            "managed_policy_arns": [
              "arn:aws:iam::aws:policy/AmazonSSMManagedInstanceCore"
            ],
            "max_session_duration": 3600,
            "name": "snake-mvp-ec2-role",
            "name_prefix": "",
            "path": "/",
            "permissions_boundary": "",
            "tags": {
              "environment": "mvp",
              "owner": "denis_pm",
              "project": "snake"
            },
            "tags_all": {
              "environment": "mvp",
              "owner": "denis_pm",
              "project": "snake"
            },
            "unique_id": "AROA4RCAOMBZUKEQZF22B"
          },
          "sensitive_attributes": [],
          "private": "bnVsbA==",
          "dependencies": [
            "module.iam.data.aws_iam_policy_document.assume_ec2"
          ]
        }
      ]
    },
    {
      "module": "module.iam",
      "mode": "managed",
      "type": "aws_iam_role_policy",
      "name": "inline",
      "provider": "provider[\"registry.terraform.io/hashicorp/aws\"]",
      "instances": [
        {
          "schema_version": 0,
          "attributes": {
            "id": "snake-mvp-ec2-role:snake-mvp-inline",
            "name": "snake-mvp-inline",
            "name_prefix": "",
            "policy": "{\"Version\":\"2012-10-17\",\"Statement\":[{\"Action\":[\"dynamodb:UpdateItem\",\"dynamodb:Scan\",\"dynamodb:Query\",\"dynamodb:PutItem\",\"dynamodb:GetItem\",\"dynamodb:DescribeTable\",\"dynamodb:DeleteItem\",\"dynamodb:BatchWriteItem\",\"dynamodb:BatchGetItem\"],\"Effect\":\"Allow\",\"Resource\":[\"arn:aws:dynamodb:us-east-1:861276102771:table/snake-mvp-users\",\"arn:aws:dynamodb:us-east-1:861276102771:table/snake-mvp-settings\",\"arn:aws:dynamodb:us-east-1:861276102771:table/snake-mvp-game_progress\"]},{\"Action\":[\"logs:PutLogEvents\",\"logs:DescribeLogStreams\",\"logs:DescribeLogGroups\",\"logs:CreateLogStream\",\"logs:CreateLogGroup\"],\"Effect\":\"Allow\",\"Resource\":\"*\"},{\"Action\":[\"ec2:AssociateAddress\",\"ec2:DisassociateAddress\",\"ec2:DescribeAddresses\",\"ec2:DescribeInstances\"],\"Effect\":\"Allow\",\"Resource\":\"*\"}]}",
            "role": "snake-mvp-ec2-role"
          },
          "sensitive_attributes": [],
          "private": "bnVsbA==",
          "dependencies": [
            "module.dynamodb.aws_dynamodb_table.game_progress",
            "module.dynamodb.aws_dynamodb_table.settings",
            "module.dynamodb.aws_dynamodb_table.users",
            "module.iam.aws_iam_role.ec2",
            "module.iam.data.aws_iam_policy_document.assume_ec2",
            "module.iam.data.aws_iam_policy_document.cwlogs",
            "module.iam.data.aws_iam_policy_document.ddb"
          ]
        }
      ]
    },
    {
      "module": "module.iam",
      "mode": "managed",
      "type": "aws_iam_role_policy_attachment",
      "name": "ssm_core",
      "provider": "provider[\"registry.terraform.io/hashicorp/aws\"]",
      "instances": [
        {
          "schema_version": 0,
          "attributes": {
            "id": "snake-mvp-ec2-role-20260217025303260500000001",
            "policy_arn": "arn:aws:iam::aws:policy/AmazonSSMManagedInstanceCore",
            "role": "snake-mvp-ec2-role"
          },
          "sensitive_attributes": [],
          "private": "bnVsbA==",
          "dependencies": [
            "module.iam.aws_iam_role.ec2",
            "module.iam.data.aws_iam_policy_document.assume_ec2"
          ]
        }
      ]
    },
    {
      "module": "module.observability",
      "mode": "managed",
      "type": "aws_cloudwatch_log_group",
      "name": "app",
      "provider": "provider[\"registry.terraform.io/hashicorp/aws\"]",
      "instances": [
        {
          "schema_version": 0,
          "attributes": {
            "arn": "arn:aws:logs:us-east-1:861276102771:log-group:/snake-mvp/app",
            "id": "/snake-mvp/app",
            "kms_key_id": "",
            "log_group_class": "STANDARD",
            "name": "/snake-mvp/app",
            "name_prefix": "",
            "retention_in_days": 14,
            "skip_destroy": false,
            "tags": {
              "Name": "snake-mvp-log-group",
              "environment": "mvp",
              "owner": "denis_pm",
              "project": "snake"
            },
            "tags_all": {
              "Name": "snake-mvp-log-group",
              "environment": "mvp",
              "owner": "denis_pm",
              "project": "snake"
            }
          },
          "sensitive_attributes": [],
          "private": "bnVsbA=="
        }
      ]
    },
    {
      "module": "module.security",
      "mode": "managed",
      "type": "aws_security_group",
      "name": "ec2",
      "provider": "provider[\"registry.terraform.io/hashicorp/aws\"]",
      "instances": [
        {
          "schema_version": 1,
          "attributes": {
            "arn": "arn:aws:ec2:us-east-1:861276102771:security-group/sg-0a3ac232b5cbec1d9",
            "description": "EC2 SG for snake server",
            "egress": [
              {
                "cidr_blocks": [
                  "0.0.0.0/0"
                ],
                "description": "",
                "from_port": 0,
                "ipv6_cidr_blocks": [],
                "prefix_list_ids": [],
                "protocol": "-1",
                "security_groups": [],
                "self": false,
                "to_port": 0
              }
            ],
            "id": "sg-0a3ac232b5cbec1d9",
            "ingress": [
              {
                "cidr_blocks": [
                  "0.0.0.0/0"
                ],
                "description": "",
                "from_port": 443,
                "ipv6_cidr_blocks": [],
                "prefix_list_ids": [],
                "protocol": "tcp",
                "security_groups": [],
                "self": false,
                "to_port": 443
              },
              {
                "cidr_blocks": [
                  "0.0.0.0/0"
                ],
                "description": "",
                "from_port": 80,
                "ipv6_cidr_blocks": [],
                "prefix_list_ids": [],
                "protocol": "tcp",
                "security_groups": [],
                "self": false,
                "to_port": 80
              },
              {
                "cidr_blocks": [
                  "108.6.200.75/32"
                ],
                "description": "",
                "from_port": 22,
                "ipv6_cidr_blocks": [],
                "prefix_list_ids": [],
                "protocol": "tcp",
                "security_groups": [],
                "self": false,
                "to_port": 22
              }
            ],
            "name": "snake-mvp-ec2-sg",
            "name_prefix": "",
            "owner_id": "861276102771",
            "revoke_rules_on_delete": false,
            "tags": {
              "Name": "snake-mvp-ec2-sg",
              "environment": "mvp",
              "owner": "denis_pm",
              "project": "snake"
            },
            "tags_all": {
              "Name": "snake-mvp-ec2-sg",
              "environment": "mvp",
              "owner": "denis_pm",
              "project": "snake"
            },
            "timeouts": null,
            "vpc_id": "vpc-047361e3899a8d917"
          },
          "sensitive_attributes": [],
          "private": "eyJlMmJmYjczMC1lY2FhLTExZTYtOGY4OC0zNDM2M2JjN2M0YzAiOnsiY3JlYXRlIjo2MDAwMDAwMDAwMDAsImRlbGV0ZSI6OTAwMDAwMDAwMDAwfSwic2NoZW1hX3ZlcnNpb24iOiIxIn0=",
          "dependencies": [
            "module.vpc.aws_vpc.this"
          ]
        }
      ]
    },
    {
      "module": "module.vpc",
      "mode": "managed",
      "type": "aws_internet_gateway",
      "name": "this",
      "provider": "provider[\"registry.terraform.io/hashicorp/aws\"]",
      "instances": [
        {
          "schema_version": 0,
          "attributes": {
            "arn": "arn:aws:ec2:us-east-1:861276102771:internet-gateway/igw-0fd8010c98819a923",
            "id": "igw-0fd8010c98819a923",
            "owner_id": "861276102771",
            "tags": {
              "Name": "snake-mvp-igw",
              "environment": "mvp",
              "owner": "denis_pm",
              "project": "snake"
            },
            "tags_all": {
              "Name": "snake-mvp-igw",
              "environment": "mvp",
              "owner": "denis_pm",
              "project": "snake"
            },
            "timeouts": null,
            "vpc_id": "vpc-047361e3899a8d917"
          },
          "sensitive_attributes": [],
          "private": "eyJlMmJmYjczMC1lY2FhLTExZTYtOGY4OC0zNDM2M2JjN2M0YzAiOnsiY3JlYXRlIjoxMjAwMDAwMDAwMDAwLCJkZWxldGUiOjEyMDAwMDAwMDAwMDAsInVwZGF0ZSI6MTIwMDAwMDAwMDAwMH19",
          "dependencies": [
            "module.vpc.aws_vpc.this"
          ]
        }
      ]
    },
    {
      "module": "module.vpc",
      "mode": "managed",
      "type": "aws_route",
      "name": "default",
      "provider": "provider[\"registry.terraform.io/hashicorp/aws\"]",
      "instances": [
        {
          "schema_version": 0,
          "attributes": {
            "carrier_gateway_id": "",
            "core_network_arn": "",
            "destination_cidr_block": "0.0.0.0/0",
            "destination_ipv6_cidr_block": "",
            "destination_prefix_list_id": "",
            "egress_only_gateway_id": "",
            "gateway_id": "igw-0fd8010c98819a923",
            "id": "r-rtb-0b89b3d25eb8b66fb1080289494",
            "instance_id": "",
            "instance_owner_id": "",
            "local_gateway_id": "",
            "nat_gateway_id": "",
            "network_interface_id": "",
            "origin": "CreateRoute",
            "route_table_id": "rtb-0b89b3d25eb8b66fb",
            "state": "active",
            "timeouts": null,
            "transit_gateway_id": "",
            "vpc_endpoint_id": "",
            "vpc_peering_connection_id": ""
          },
          "sensitive_attributes": [],
          "private": "eyJlMmJmYjczMC1lY2FhLTExZTYtOGY4OC0zNDM2M2JjN2M0YzAiOnsiY3JlYXRlIjozMDAwMDAwMDAwMDAsImRlbGV0ZSI6MzAwMDAwMDAwMDAwLCJ1cGRhdGUiOjEyMDAwMDAwMDAwMH19",
          "dependencies": [
            "module.vpc.aws_internet_gateway.this",
            "module.vpc.aws_route_table.public",
            "module.vpc.aws_vpc.this"
          ]
        }
      ]
    },
    {
      "module": "module.vpc",
      "mode": "managed",
      "type": "aws_route_table",
      "name": "public",
      "provider": "provider[\"registry.terraform.io/hashicorp/aws\"]",
      "instances": [
        {
          "schema_version": 0,
          "attributes": {
            "arn": "arn:aws:ec2:us-east-1:861276102771:route-table/rtb-0b89b3d25eb8b66fb",
            "id": "rtb-0b89b3d25eb8b66fb",
            "owner_id": "861276102771",
            "propagating_vgws": [],
            "route": [
              {
                "carrier_gateway_id": "",
                "cidr_block": "0.0.0.0/0",
                "core_network_arn": "",
                "destination_prefix_list_id": "",
                "egress_only_gateway_id": "",
                "gateway_id": "igw-0fd8010c98819a923",
                "ipv6_cidr_block": "",
                "local_gateway_id": "",
                "nat_gateway_id": "",
                "network_interface_id": "",
                "transit_gateway_id": "",
                "vpc_endpoint_id": "",
                "vpc_peering_connection_id": ""
              }
            ],
            "tags": {
              "Name": "snake-mvp-public-rt",
              "environment": "mvp",
              "owner": "denis_pm",
              "project": "snake"
            },
            "tags_all": {
              "Name": "snake-mvp-public-rt",
              "environment": "mvp",
              "owner": "denis_pm",
              "project": "snake"
            },
            "timeouts": null,
            "vpc_id": "vpc-047361e3899a8d917"
          },
          "sensitive_attributes": [],
          "private": "eyJlMmJmYjczMC1lY2FhLTExZTYtOGY4OC0zNDM2M2JjN2M0YzAiOnsiY3JlYXRlIjozMDAwMDAwMDAwMDAsImRlbGV0ZSI6MzAwMDAwMDAwMDAwLCJ1cGRhdGUiOjEyMDAwMDAwMDAwMH19",
          "dependencies": [
            "module.vpc.aws_vpc.this"
          ]
        }
      ]
    },
    {
      "module": "module.vpc",
      "mode": "managed",
      "type": "aws_route_table_association",
      "name": "public",
      "provider": "provider[\"registry.terraform.io/hashicorp/aws\"]",
      "instances": [
        {
          "schema_version": 0,
          "attributes": {
            "gateway_id": "",
            "id": "rtbassoc-0b5e31edd00fa05ea",
            "route_table_id": "rtb-0b89b3d25eb8b66fb",
            "subnet_id": "subnet-003dd04675494cd74",
            "timeouts": null
          },
          "sensitive_attributes": [],
          "private": "eyJlMmJmYjczMC1lY2FhLTExZTYtOGY4OC0zNDM2M2JjN2M0YzAiOnsiY3JlYXRlIjozMDAwMDAwMDAwMDAsImRlbGV0ZSI6MzAwMDAwMDAwMDAwLCJ1cGRhdGUiOjEyMDAwMDAwMDAwMH19",
          "dependencies": [
            "module.vpc.aws_route_table.public",
            "module.vpc.aws_subnet.public",
            "module.vpc.aws_vpc.this"
          ]
        }
      ]
    },
    {
      "module": "module.vpc",
      "mode": "managed",
      "type": "aws_subnet",
      "name": "public",
      "provider": "provider[\"registry.terraform.io/hashicorp/aws\"]",
      "instances": [
        {
          "schema_version": 1,
          "attributes": {
            "arn": "arn:aws:ec2:us-east-1:861276102771:subnet/subnet-003dd04675494cd74",
            "assign_ipv6_address_on_creation": false,
            "availability_zone": "us-east-1a",
            "availability_zone_id": "use1-az2",
            "cidr_block": "10.0.1.0/24",
            "customer_owned_ipv4_pool": "",
            "enable_dns64": false,
            "enable_lni_at_device_index": 0,
            "enable_resource_name_dns_a_record_on_launch": false,
            "enable_resource_name_dns_aaaa_record_on_launch": false,
            "id": "subnet-003dd04675494cd74",
            "ipv6_cidr_block": "",
            "ipv6_cidr_block_association_id": "",
            "ipv6_native": false,
            "map_customer_owned_ip_on_launch": false,
            "map_public_ip_on_launch": true,
            "outpost_arn": "",
            "owner_id": "861276102771",
            "private_dns_hostname_type_on_launch": "ip-name",
            "tags": {
              "Name": "snake-mvp-public-subnet",
              "environment": "mvp",
              "owner": "denis_pm",
              "project": "snake"
            },
            "tags_all": {
              "Name": "snake-mvp-public-subnet",
              "environment": "mvp",
              "owner": "denis_pm",
              "project": "snake"
            },
            "timeouts": null,
            "vpc_id": "vpc-047361e3899a8d917"
          },
          "sensitive_attributes": [],
          "private": "eyJlMmJmYjczMC1lY2FhLTExZTYtOGY4OC0zNDM2M2JjN2M0YzAiOnsiY3JlYXRlIjo2MDAwMDAwMDAwMDAsImRlbGV0ZSI6MTIwMDAwMDAwMDAwMH0sInNjaGVtYV92ZXJzaW9uIjoiMSJ9",
          "dependencies": [
            "module.vpc.aws_vpc.this"
          ]
        }
      ]
    },
    {
      "module": "module.vpc",
      "mode": "managed",
      "type": "aws_vpc",
      "name": "this",
      "provider": "provider[\"registry.terraform.io/hashicorp/aws\"]",
      "instances": [
        {
          "schema_version": 1,
          "attributes": {
            "arn": "arn:aws:ec2:us-east-1:861276102771:vpc/vpc-047361e3899a8d917",
            "assign_generated_ipv6_cidr_block": false,
            "cidr_block": "10.0.0.0/16",
            "default_network_acl_id": "acl-07ae4c3bb2044c83b",
            "default_route_table_id": "rtb-052b5ee8a20800eca",
            "default_security_group_id": "sg-07805d7afdab48214",
            "dhcp_options_id": "dopt-06ce9effc4227e550",
            "enable_dns_hostnames": true,
            "enable_dns_support": true,
            "enable_network_address_usage_metrics": false,
            "id": "vpc-047361e3899a8d917",
            "instance_tenancy": "default",
            "ipv4_ipam_pool_id": null,
            "ipv4_netmask_length": null,
            "ipv6_association_id": "",
            "ipv6_cidr_block": "",
            "ipv6_cidr_block_network_border_group": "",
            "ipv6_ipam_pool_id": "",
            "ipv6_netmask_length": 0,
            "main_route_table_id": "rtb-052b5ee8a20800eca",
            "owner_id": "861276102771",
            "tags": {
              "Name": "snake-mvp-vpc",
              "environment": "mvp",
              "owner": "denis_pm",
              "project": "snake"
            },
            "tags_all": {
              "Name": "snake-mvp-vpc",
              "environment": "mvp",
              "owner": "denis_pm",
              "project": "snake"
            }
          },
          "sensitive_attributes": [],
          "private": "eyJzY2hlbWFfdmVyc2lvbiI6IjEifQ=="
        }
      ]
    }
  ],
  "check_results": [
    {
      "object_kind": "resource",
      "config_addr": "module.compute.aws_launch_template.this",
      "status": "pass",
      "objects": [
        {
          "object_addr": "module.compute.aws_launch_template.this",
          "status": "pass"
        }
      ]
    },
    {
      "object_kind": "var",
      "config_addr": "module.compute.var.ebs_volume_gb",
      "status": "pass",
      "objects": [
        {
          "object_addr": "module.compute.var.ebs_volume_gb",
          "status": "pass"
        }
      ]
    }
  ]
}
